
Microsoft Visual Studio Solution File, Format Version 12.00
# Visual Studio Version 17
VisualStudioVersion = 17.5.002.0
MinimumVisualStudioVersion = 10.0.40219.1
Project("{9A19103F-16F7-4668-BE54-9A1E7A4F7556}") = "Atividade", "Atividade\Atividade.csproj", "{8B3267BC-DCD2-4FE6-A4DC-1B820D4F857F}"
EndProject
Global
	GlobalSection(SolutionConfigurationPlatforms) = preSolution
		Debug|Any CPU = Debug|Any CPU
		Release|Any CPU = Release|Any CPU
	EndGlobalSection
	GlobalSection(ProjectConfigurationPlatforms) = postSolution
		{8B3267BC-DCD2-4FE6-A4DC-1B820D4F857F}.Debug|Any CPU.ActiveCfg = Debug|Any CPU
		{8B3267BC-DCD2-4FE6-A4DC-1B820D4F857F}.Debug|Any CPU.Build.0 = Debug|Any CPU
		{8B3267BC-DCD2-4FE6-A4DC-1B820D4F857F}.Release|Any CPU.ActiveCfg = Release|Any CPU
		{8B3267BC-DCD2-4FE6-A4DC-1B820D4F857F}.Release|Any CPU.Build.0 = Release|Any CPU
	EndGlobalSection
	GlobalSection(SolutionProperties) = preSolution
		HideSolutionNode = FALSE
	EndGlobalSection
	GlobalSection(ExtensibilityGlobals) = postSolution
		SolutionGuid = {C38315F6-9F0E-41A9-880B-873FFA617BCE}
	EndGlobalSection
EndGlobal
